
Microsoft Visual Studio Solution File, Format Version 12.00
# Visual Studio Version 17
VisualStudioVersion = 17.5.33516.290
MinimumVisualStudioVersion = 10.0.40219.1
Project("{9A19103F-16F7-4668-BE54-9A1E7A4F7556}") = "TodoApiServer", "TodoApiServer\TodoApiServer.csproj", "{4B47F5DA-C002-491B-A151-A0A4DBA9EF97}"
EndProject
Project("{9A19103F-16F7-4668-BE54-9A1E7A4F7556}") = "BookRentalShopApi", "BookRentalShopApi\BookRentalShopApi.csproj", "{AA56BF22-C77C-47FA-A81D-17B18B3464E5}"
EndProject
Project("{9A19103F-16F7-4668-BE54-9A1E7A4F7556}") = "TodoItemWeb", "TodoItemWeb\TodoItemWeb.csproj", "{688A45D7-DF20-4EE7-8A9D-3651908DC4DC}"
EndProject
Project("{FAE04EC0-301F-11D3-BF4B-00C04F79EFBC}") = "TodoItemApp", "TodoItemApp\TodoItemApp.csproj", "{612E7DC9-3B8C-4D21-AD8D-E42D96FB69A5}"
EndProject
Global
	GlobalSection(SolutionConfigurationPlatforms) = preSolution
		Debug|Any CPU = Debug|Any CPU
		Release|Any CPU = Release|Any CPU
	EndGlobalSection
	GlobalSection(ProjectConfigurationPlatforms) = postSolution
		{4B47F5DA-C002-491B-A151-A0A4DBA9EF97}.Debug|Any CPU.ActiveCfg = Debug|Any CPU
		{4B47F5DA-C002-491B-A151-A0A4DBA9EF97}.Debug|Any CPU.Build.0 = Debug|Any CPU
		{4B47F5DA-C002-491B-A151-A0A4DBA9EF97}.Release|Any CPU.ActiveCfg = Release|Any CPU
		{4B47F5DA-C002-491B-A151-A0A4DBA9EF97}.Release|Any CPU.Build.0 = Release|Any CPU
		{AA56BF22-C77C-47FA-A81D-17B18B3464E5}.Debug|Any CPU.ActiveCfg = Debug|Any CPU
		{AA56BF22-C77C-47FA-A81D-17B18B3464E5}.Debug|Any CPU.Build.0 = Debug|Any CPU
		{AA56BF22-C77C-47FA-A81D-17B18B3464E5}.Release|Any CPU.ActiveCfg = Release|Any CPU
		{AA56BF22-C77C-47FA-A81D-17B18B3464E5}.Release|Any CPU.Build.0 = Release|Any CPU
		{688A45D7-DF20-4EE7-8A9D-3651908DC4DC}.Debug|Any CPU.ActiveCfg = Debug|Any CPU
		{688A45D7-DF20-4EE7-8A9D-3651908DC4DC}.Debug|Any CPU.Build.0 = Debug|Any CPU
		{688A45D7-DF20-4EE7-8A9D-3651908DC4DC}.Release|Any CPU.ActiveCfg = Release|Any CPU
		{688A45D7-DF20-4EE7-8A9D-3651908DC4DC}.Release|Any CPU.Build.0 = Release|Any CPU
		{612E7DC9-3B8C-4D21-AD8D-E42D96FB69A5}.Debug|Any CPU.ActiveCfg = Debug|Any CPU
		{612E7DC9-3B8C-4D21-AD8D-E42D96FB69A5}.Debug|Any CPU.Build.0 = Debug|Any CPU
		{612E7DC9-3B8C-4D21-AD8D-E42D96FB69A5}.Release|Any CPU.ActiveCfg = Release|Any CPU
		{612E7DC9-3B8C-4D21-AD8D-E42D96FB69A5}.Release|Any CPU.Build.0 = Release|Any CPU
	EndGlobalSection
	GlobalSection(SolutionProperties) = preSolution
		HideSolutionNode = FALSE
	EndGlobalSection
	GlobalSection(ExtensibilityGlobals) = postSolution
		SolutionGuid = {CD7AA533-412E-4652-9CA1-F678411675D4}
	EndGlobalSection
EndGlobal
